
Microsoft Visual Studio Solution File, Format Version 12.00
# Visual Studio Version 17
VisualStudioVersion = 17.5.002.0
MinimumVisualStudioVersion = 10.0.40219.1
Project("{9A19103F-16F7-4668-BE54-9A1E7A4F7556}") = "Practica02", "Practica02\Practica02.csproj", "{D5990A6D-749E-4645-AE75-61270E40B5B5}"
EndProject
Global
	GlobalSection(SolutionConfigurationPlatforms) = preSolution
		Debug|Any CPU = Debug|Any CPU
		Release|Any CPU = Release|Any CPU
	EndGlobalSection
	GlobalSection(ProjectConfigurationPlatforms) = postSolution
		{D5990A6D-749E-4645-AE75-61270E40B5B5}.Debug|Any CPU.ActiveCfg = Debug|Any CPU
		{D5990A6D-749E-4645-AE75-61270E40B5B5}.Debug|Any CPU.Build.0 = Debug|Any CPU
		{D5990A6D-749E-4645-AE75-61270E40B5B5}.Release|Any CPU.ActiveCfg = Release|Any CPU
		{D5990A6D-749E-4645-AE75-61270E40B5B5}.Release|Any CPU.Build.0 = Release|Any CPU
	EndGlobalSection
	GlobalSection(SolutionProperties) = preSolution
		HideSolutionNode = FALSE
	EndGlobalSection
	GlobalSection(ExtensibilityGlobals) = postSolution
		SolutionGuid = {9E960D6A-1ED0-4716-B565-F0758C0AC10E}
	EndGlobalSection
EndGlobal
